
Microsoft Visual Studio Solution File, Format Version 12.00
# Visual Studio Version 17
VisualStudioVersion = 17.9.34728.123
MinimumVisualStudioVersion = 10.0.40219.1
Project("{FAE04EC0-301F-11D3-BF4B-00C04F79EFBC}") = "Servicios.api.Libreria", "Servicios.api.Libreria\Servicios.api.Libreria.csproj", "{AF4A8755-B6BE-435A-A710-3A38F56B6CEF}"
EndProject
Global
	GlobalSection(SolutionConfigurationPlatforms) = preSolution
		Debug|Any CPU = Debug|Any CPU
		Release|Any CPU = Release|Any CPU
	EndGlobalSection
	GlobalSection(ProjectConfigurationPlatforms) = postSolution
		{AF4A8755-B6BE-435A-A710-3A38F56B6CEF}.Debug|Any CPU.ActiveCfg = Debug|Any CPU
		{AF4A8755-B6BE-435A-A710-3A38F56B6CEF}.Debug|Any CPU.Build.0 = Debug|Any CPU
		{AF4A8755-B6BE-435A-A710-3A38F56B6CEF}.Release|Any CPU.ActiveCfg = Release|Any CPU
		{AF4A8755-B6BE-435A-A710-3A38F56B6CEF}.Release|Any CPU.Build.0 = Release|Any CPU
	EndGlobalSection
	GlobalSection(SolutionProperties) = preSolution
		HideSolutionNode = FALSE
	EndGlobalSection
	GlobalSection(ExtensibilityGlobals) = postSolution
		SolutionGuid = {7C894530-992B-4108-B70A-EC60AE3FFA73}
	EndGlobalSection
EndGlobal
